
Microsoft Visual Studio Solution File, Format Version 12.00
# Visual Studio 2012
Project("{FAE04EC0-301F-11D3-BF4B-00C04F79EFBC}") = "UniversityWebApp", "UniversityWebApp.csproj", "{21B9C672-853C-4A5E-857D-59D20F0A47AB}"
EndProject
Global
	GlobalSection(SolutionConfigurationPlatforms) = preSolution
		Debug|Any CPU = Debug|Any CPU
		Release|Any CPU = Release|Any CPU
	EndGlobalSection
	GlobalSection(ProjectConfigurationPlatforms) = postSolution
		{21B9C672-853C-4A5E-857D-59D20F0A47AB}.Debug|Any CPU.ActiveCfg = Debug|Any CPU
		{21B9C672-853C-4A5E-857D-59D20F0A47AB}.Debug|Any CPU.Build.0 = Debug|Any CPU
		{21B9C672-853C-4A5E-857D-59D20F0A47AB}.Release|Any CPU.ActiveCfg = Release|Any CPU
		{21B9C672-853C-4A5E-857D-59D20F0A47AB}.Release|Any CPU.Build.0 = Release|Any CPU
	EndGlobalSection
EndGlobal
